
Microsoft Visual Studio Solution File, Format Version 12.00
# Visual Studio Version 17
VisualStudioVersion = 17.5.33627.172
MinimumVisualStudioVersion = 10.0.40219.1
Project("{FAE04EC0-301F-11D3-BF4B-00C04F79EFBC}") = "Zadanie domowe Tydzien 4 Lekcja 11", "Zadanie domowe Tydzien 4 Lekcja 11\Zadanie domowe Tydzien 4 Lekcja 11.csproj", "{AF4604BB-D25C-4A81-85E6-1982186381CB}"
EndProject
Global
	GlobalSection(SolutionConfigurationPlatforms) = preSolution
		Debug|Any CPU = Debug|Any CPU
		Release|Any CPU = Release|Any CPU
	EndGlobalSection
	GlobalSection(ProjectConfigurationPlatforms) = postSolution
		{AF4604BB-D25C-4A81-85E6-1982186381CB}.Debug|Any CPU.ActiveCfg = Debug|Any CPU
		{AF4604BB-D25C-4A81-85E6-1982186381CB}.Debug|Any CPU.Build.0 = Debug|Any CPU
		{AF4604BB-D25C-4A81-85E6-1982186381CB}.Release|Any CPU.ActiveCfg = Release|Any CPU
		{AF4604BB-D25C-4A81-85E6-1982186381CB}.Release|Any CPU.Build.0 = Release|Any CPU
	EndGlobalSection
	GlobalSection(SolutionProperties) = preSolution
		HideSolutionNode = FALSE
	EndGlobalSection
	GlobalSection(ExtensibilityGlobals) = postSolution
		SolutionGuid = {7232ACBD-5710-4791-9EAA-F87C401F2DD0}
	EndGlobalSection
EndGlobal
